PODS:
  - Bolts/Tasks (1.9.1)
  - Charts (3.6.0):
    - Charts/Core (= 3.6.0)
  - Charts/Core (3.6.0)
  - Parse (1.19.3):
    - Parse/Core (= 1.19.3)
  - Parse/Core (1.19.3):
    - Bolts/Tasks (= 1.9.1)

DEPENDENCIES:
  - Charts
  - Parse

SPEC REPOS:
  trunk:
    - Bolts
    - Charts
    - Parse

SPEC CHECKSUMS:
  Bolts: 8c1e8aab2f603387b8b9924f57d1d64f43d3ffdc
  Charts: b1e3a1f5a1c9ba5394438ca3b91bd8c9076310af
  Parse: 0abb63a0ff6fa34a3f64b81d595a294e2ece143a

PODFILE CHECKSUM: dca86fea76a21ed9c7cdda173eba7011adf3f25a

COCOAPODS: 1.11.2
